
Microsoft Visual Studio Solution File, Format Version 12.00
# Visual Studio Version 16
VisualStudioVersion = 16.0.29609.76
MinimumVisualStudioVersion = 10.0.40219.1
Project("{FAE04EC0-301F-11D3-BF4B-00C04F79EFBC}") = "WpfSampleApp", "WpfSampleApp\WpfSampleApp.csproj", "{2679D3AB-4021-4DEC-BF96-A7760418B2CB}"
EndProject
Global
	GlobalSection(SolutionConfigurationPlatforms) = preSolution
		Debug|Any CPU = Debug|Any CPU
		Release|Any CPU = Release|Any CPU
	EndGlobalSection
	GlobalSection(ProjectConfigurationPlatforms) = postSolution
		{2679D3AB-4021-4DEC-BF96-A7760418B2CB}.Debug|Any CPU.ActiveCfg = Debug|Any CPU
		{2679D3AB-4021-4DEC-BF96-A7760418B2CB}.Debug|Any CPU.Build.0 = Debug|Any CPU
		{2679D3AB-4021-4DEC-BF96-A7760418B2CB}.Release|Any CPU.ActiveCfg = Release|Any CPU
		{2679D3AB-4021-4DEC-BF96-A7760418B2CB}.Release|Any CPU.Build.0 = Release|Any CPU
	EndGlobalSection
	GlobalSection(SolutionProperties) = preSolution
		HideSolutionNode = FALSE
	EndGlobalSection
	GlobalSection(ExtensibilityGlobals) = postSolution
		SolutionGuid = {C17B370C-816E-4531-A774-526422AACBCB}
	EndGlobalSection
EndGlobal
